
Microsoft Visual Studio Solution File, Format Version 12.00
# Visual Studio Version 17
VisualStudioVersion = 17.1.32210.238
MinimumVisualStudioVersion = 10.0.40219.1
Project("{2150E333-8FDC-42A3-9474-1A3956D46DE8}") = "src", "src", "{01D9D89C-137C-4A81-8D1C-B8D854A87D46}"
EndProject
Project("{2150E333-8FDC-42A3-9474-1A3956D46DE8}") = "Adapters", "Adapters", "{18EA5698-9C82-4860-879A-52C2DFAE555D}"
EndProject
Project("{2150E333-8FDC-42A3-9474-1A3956D46DE8}") = "Driven", "Driven", "{881511B6-1492-44DD-8277-DD83E1533B9B}"
EndProject
Project("{2150E333-8FDC-42A3-9474-1A3956D46DE8}") = "Infra.DataBase", "Infra.DataBase", "{5FDA70C9-5FB5-402F-B70E-FA87E6F84113}"
EndProject
Project("{FAE04EC0-301F-11D3-BF4B-00C04F79EFBC}") = "Infra.Database", "Infra.Database\Infra.Database.csproj", "{2D8775FE-252D-4F86-AF99-59A1101991B5}"
EndProject
Project("{2150E333-8FDC-42A3-9474-1A3956D46DE8}") = "Driving", "Driving", "{D41998FF-5E72-433A-9686-112FD3880886}"
EndProject
Project("{2150E333-8FDC-42A3-9474-1A3956D46DE8}") = "API", "API", "{65D39498-D0BD-44E9-A6A1-685F405837A9}"
EndProject
Project("{FAE04EC0-301F-11D3-BF4B-00C04F79EFBC}") = "API", "API\API.csproj", "{C7490F00-E52A-47DE-9C73-50AFFBDB7FEB}"
EndProject
Project("{2150E333-8FDC-42A3-9474-1A3956D46DE8}") = "Core", "Core", "{F5F4FD48-6A3A-401A-B632-FB3E31006671}"
EndProject
Project("{2150E333-8FDC-42A3-9474-1A3956D46DE8}") = "Domain", "Domain", "{3C1D06DF-63C8-4016-96C1-BC2C954DEA8C}"
EndProject
Project("{FAE04EC0-301F-11D3-BF4B-00C04F79EFBC}") = "Domain", "Domain\Domain.csproj", "{D09B0A54-68CC-4E95-A906-24B3DA02A301}"
EndProject
Project("{2150E333-8FDC-42A3-9474-1A3956D46DE8}") = "Application", "Application", "{A81AFAC3-A11B-41B7-A845-2CBCE39168EB}"
EndProject
Project("{FAE04EC0-301F-11D3-BF4B-00C04F79EFBC}") = "Application", "Application\Application.csproj", "{F9EE130C-D002-410C-9381-6B52DE8A1051}"
EndProject
Global
	GlobalSection(SolutionConfigurationPlatforms) = preSolution
		Debug|Any CPU = Debug|Any CPU
		Release|Any CPU = Release|Any CPU
	EndGlobalSection
	GlobalSection(ProjectConfigurationPlatforms) = postSolution
		{2D8775FE-252D-4F86-AF99-59A1101991B5}.Debug|Any CPU.ActiveCfg = Debug|Any CPU
		{2D8775FE-252D-4F86-AF99-59A1101991B5}.Debug|Any CPU.Build.0 = Debug|Any CPU
		{2D8775FE-252D-4F86-AF99-59A1101991B5}.Release|Any CPU.ActiveCfg = Release|Any CPU
		{2D8775FE-252D-4F86-AF99-59A1101991B5}.Release|Any CPU.Build.0 = Release|Any CPU
		{C7490F00-E52A-47DE-9C73-50AFFBDB7FEB}.Debug|Any CPU.ActiveCfg = Debug|Any CPU
		{C7490F00-E52A-47DE-9C73-50AFFBDB7FEB}.Debug|Any CPU.Build.0 = Debug|Any CPU
		{C7490F00-E52A-47DE-9C73-50AFFBDB7FEB}.Release|Any CPU.ActiveCfg = Release|Any CPU
		{C7490F00-E52A-47DE-9C73-50AFFBDB7FEB}.Release|Any CPU.Build.0 = Release|Any CPU
		{D09B0A54-68CC-4E95-A906-24B3DA02A301}.Debug|Any CPU.ActiveCfg = Debug|Any CPU
		{D09B0A54-68CC-4E95-A906-24B3DA02A301}.Debug|Any CPU.Build.0 = Debug|Any CPU
		{D09B0A54-68CC-4E95-A906-24B3DA02A301}.Release|Any CPU.ActiveCfg = Release|Any CPU
		{D09B0A54-68CC-4E95-A906-24B3DA02A301}.Release|Any CPU.Build.0 = Release|Any CPU
		{F9EE130C-D002-410C-9381-6B52DE8A1051}.Debug|Any CPU.ActiveCfg = Debug|Any CPU
		{F9EE130C-D002-410C-9381-6B52DE8A1051}.Debug|Any CPU.Build.0 = Debug|Any CPU
		{F9EE130C-D002-410C-9381-6B52DE8A1051}.Release|Any CPU.ActiveCfg = Release|Any CPU
		{F9EE130C-D002-410C-9381-6B52DE8A1051}.Release|Any CPU.Build.0 = Release|Any CPU
	EndGlobalSection
	GlobalSection(SolutionProperties) = preSolution
		HideSolutionNode = FALSE
	EndGlobalSection
	GlobalSection(NestedProjects) = preSolution
		{18EA5698-9C82-4860-879A-52C2DFAE555D} = {01D9D89C-137C-4A81-8D1C-B8D854A87D46}
		{881511B6-1492-44DD-8277-DD83E1533B9B} = {18EA5698-9C82-4860-879A-52C2DFAE555D}
		{5FDA70C9-5FB5-402F-B70E-FA87E6F84113} = {881511B6-1492-44DD-8277-DD83E1533B9B}
		{2D8775FE-252D-4F86-AF99-59A1101991B5} = {5FDA70C9-5FB5-402F-B70E-FA87E6F84113}
		{D41998FF-5E72-433A-9686-112FD3880886} = {18EA5698-9C82-4860-879A-52C2DFAE555D}
		{65D39498-D0BD-44E9-A6A1-685F405837A9} = {D41998FF-5E72-433A-9686-112FD3880886}
		{C7490F00-E52A-47DE-9C73-50AFFBDB7FEB} = {65D39498-D0BD-44E9-A6A1-685F405837A9}
		{F5F4FD48-6A3A-401A-B632-FB3E31006671} = {01D9D89C-137C-4A81-8D1C-B8D854A87D46}
		{3C1D06DF-63C8-4016-96C1-BC2C954DEA8C} = {F5F4FD48-6A3A-401A-B632-FB3E31006671}
		{D09B0A54-68CC-4E95-A906-24B3DA02A301} = {3C1D06DF-63C8-4016-96C1-BC2C954DEA8C}
		{A81AFAC3-A11B-41B7-A845-2CBCE39168EB} = {F5F4FD48-6A3A-401A-B632-FB3E31006671}
		{F9EE130C-D002-410C-9381-6B52DE8A1051} = {A81AFAC3-A11B-41B7-A845-2CBCE39168EB}
	EndGlobalSection
	GlobalSection(ExtensibilityGlobals) = postSolution
		SolutionGuid = {C509A113-33EF-4022-A674-8BDA582B978B}
	EndGlobalSection
EndGlobal
